{
    "_readme": [
        "This file locks the dependencies of your project to a known state",
        "Read more about it at http://getcomposer.org/doc/01-basic-usage.md#composer-lock-the-lock-file"
    ],
    "hash": "22f0b155677f84090671cba33bff7505",
    "packages": [
        {
            "name": "guzzle/guzzle",
            "version": "dev-master",
            "source": {
                "type": "git",
                "url": "https://github.com/guzzle/guzzle.git",
                "reference": "cd97afb9dd564869d607eb18abf8ec84be647e87"
            },
            "dist": {
                "type": "zip",
                "url": "https://api.github.com/repos/guzzle/guzzle/zipball/cd97afb9dd564869d607eb18abf8ec84be647e87",
                "reference": "cd97afb9dd564869d607eb18abf8ec84be647e87",
                "shasum": ""
            },
            "require": {
                "ext-curl": "*",
                "php": ">=5.3.3",
                "symfony/event-dispatcher": ">=2.1"
            },
            "replace": {
                "guzzle/batch": "self.version",
                "guzzle/cache": "self.version",
                "guzzle/common": "self.version",
                "guzzle/http": "self.version",
                "guzzle/inflection": "self.version",
                "guzzle/iterator": "self.version",
                "guzzle/log": "self.version",
                "guzzle/parser": "self.version",
                "guzzle/plugin": "self.version",
                "guzzle/plugin-async": "self.version",
                "guzzle/plugin-backoff": "self.version",
                "guzzle/plugin-cache": "self.version",
                "guzzle/plugin-cookie": "self.version",
                "guzzle/plugin-curlauth": "self.version",
                "guzzle/plugin-error-response": "self.version",
                "guzzle/plugin-history": "self.version",
                "guzzle/plugin-log": "self.version",
                "guzzle/plugin-md5": "self.version",
                "guzzle/plugin-mock": "self.version",
                "guzzle/plugin-oauth": "self.version",
                "guzzle/service": "self.version",
                "guzzle/stream": "self.version"
            },
            "require-dev": {
                "doctrine/cache": "*",
                "monolog/monolog": "1.*",
                "phpunit/phpunit": "3.7.*",
                "psr/log": "1.0.*",
                "symfony/class-loader": "*",
                "zendframework/zend-cache": "<2.3",
                "zendframework/zend-log": "<2.3"
            },
            "type": "library",
            "extra": {
                "branch-alias": {
                    "dev-master": "3.8-dev"
                }
            },
            "autoload": {
                "psr-0": {
                    "Guzzle": "src/",
                    "Guzzle\\Tests": "tests/"
                }
            },
            "notification-url": "https://packagist.org/downloads/",
            "license": [
                "MIT"
            ],
            "authors": [
                {
                    "name": "Michael Dowling",
                    "email": "mtdowling@gmail.com",
                    "homepage": "https://github.com/mtdowling"
                },
                {
                    "name": "Guzzle Community",
                    "homepage": "https://github.com/guzzle/guzzle/contributors"
                }
            ],
            "description": "Guzzle is a PHP HTTP client library and framework for building RESTful web service clients",
            "homepage": "http://guzzlephp.org/",
            "keywords": [
                "client",
                "curl",
                "framework",
                "http",
                "http client",
                "rest",
                "web service"
            ],
            "time": "2014-01-15 23:31:19"
        },
        {
            "name": "illuminate/filesystem",
            "version": "dev-master",
            "target-dir": "Illuminate/Filesystem",
            "source": {
                "type": "git",
                "url": "https://github.com/illuminate/filesystem.git",
                "reference": "bdb6d0fef0b851f45474837aea5de0cb0c8358e6"
            },
            "dist": {
                "type": "zip",
                "url": "https://api.github.com/repos/illuminate/filesystem/zipball/bdb6d0fef0b851f45474837aea5de0cb0c8358e6",
                "reference": "bdb6d0fef0b851f45474837aea5de0cb0c8358e6",
                "shasum": ""
            },
            "require": {
                "illuminate/support": "4.2.*",
                "php": ">=5.4.0",
                "symfony/finder": "2.4.*"
            },
            "require-dev": {
                "phpunit/phpunit": "3.7.*"
            },
            "type": "library",
            "extra": {
                "branch-alias": {
                    "dev-master": "4.2-dev"
                }
            },
            "autoload": {
                "psr-0": {
                    "Illuminate\\Filesystem": ""
                }
            },
            "notification-url": "https://packagist.org/downloads/",
            "license": [
                "MIT"
            ],
            "authors": [
                {
                    "name": "Taylor Otwell",
                    "email": "taylorotwell@gmail.com",
                    "homepage": "https://github.com/taylorotwell",
                    "role": "Developer"
                }
            ],
            "time": "2014-01-17 18:26:03"
        },
        {
            "name": "illuminate/support",
            "version": "dev-master",
            "target-dir": "Illuminate/Support",
            "source": {
                "type": "git",
                "url": "https://github.com/illuminate/support.git",
                "reference": "62bd7c22593daca1e0de5812be62cffedaf59953"
            },
            "dist": {
                "type": "zip",
                "url": "https://api.github.com/repos/illuminate/support/zipball/62bd7c22593daca1e0de5812be62cffedaf59953",
                "reference": "62bd7c22593daca1e0de5812be62cffedaf59953",
                "shasum": ""
            },
            "require": {
                "php": ">=5.4.0"
            },
            "require-dev": {
                "mockery/mockery": "0.7.2",
                "patchwork/utf8": "1.1.*",
                "phpunit/phpunit": "3.7.*"
            },
            "type": "library",
            "extra": {
                "branch-alias": {
                    "dev-master": "4.2-dev"
                }
            },
            "autoload": {
                "psr-0": {
                    "Illuminate\\Support": ""
                },
                "files": [
                    "Illuminate/Support/helpers.php"
                ]
            },
            "notification-url": "https://packagist.org/downloads/",
            "license": [
                "MIT"
            ],
            "authors": [
                {
                    "name": "Taylor Otwell",
                    "email": "taylorotwell@gmail.com",
                    "homepage": "https://github.com/taylorotwell",
                    "role": "Developer"
                }
            ],
            "time": "2014-01-18 23:30:43"
        },
        {
            "name": "klein/klein",
            "version": "dev-master",
            "source": {
                "type": "git",
                "url": "https://github.com/chriso/klein.php.git",
                "reference": "376fd62813eb2008f3644e206d03002a3250122a"
            },
            "dist": {
                "type": "zip",
                "url": "https://api.github.com/repos/chriso/klein.php/zipball/376fd62813eb2008f3644e206d03002a3250122a",
                "reference": "376fd62813eb2008f3644e206d03002a3250122a",
                "shasum": ""
            },
            "require": {
                "php": ">=5.3.0"
            },
            "require-dev": {
                "phpunit/php-code-coverage": "1.2.x",
                "phpunit/phpunit": "3.7.x",
                "squizlabs/php_codesniffer": "1.4.8"
            },
            "type": "library",
            "autoload": {
                "psr-0": {
                    "Klein": "src/"
                }
            },
            "notification-url": "https://packagist.org/downloads/",
            "license": [
                "MIT"
            ],
            "authors": [
                {
                    "name": "Chris O'Hara",
                    "email": "cohara87@gmail.com",
                    "homepage": "http://chris6f.com/",
                    "role": "Creator/Developer"
                },
                {
                    "name": "Trevor Suarez",
                    "email": "rican7@gmail.com",
                    "homepage": "http://about.me/tnsuarez",
                    "role": "Contributor/Developer"
                }
            ],
            "description": "A lightning fast router for PHP",
            "homepage": "https://github.com/chriso/klein.php",
            "keywords": [
                "boilerplate",
                "router",
                "routing",
                "sinatra"
            ],
            "time": "2014-01-14 15:05:43"
        },
        {
            "name": "knplabs/github-api",
            "version": "dev-master",
            "source": {
                "type": "git",
                "url": "https://github.com/KnpLabs/php-github-api.git",
                "reference": "f0effe22daaf1b664ef2ed5be2b199ef7c61be17"
            },
            "dist": {
                "type": "zip",
                "url": "https://api.github.com/repos/KnpLabs/php-github-api/zipball/f0effe22daaf1b664ef2ed5be2b199ef7c61be17",
                "reference": "f0effe22daaf1b664ef2ed5be2b199ef7c61be17",
                "shasum": ""
            },
            "require": {
                "ext-curl": "*",
                "guzzle/guzzle": ">=3.7",
                "php": ">=5.3.2"
            },
            "require-dev": {
                "phpunit/phpunit": ">=3.6.0"
            },
            "suggest": {
                "knplabs/gaufrette": "Needed for optional Gaufrette cache"
            },
            "type": "library",
            "extra": {
                "branch-alias": {
                    "dev-master": "1.3.x-dev"
                }
            },
            "autoload": {
                "psr-0": {
                    "Github\\": "lib/"
                }
            },
            "notification-url": "https://packagist.org/downloads/",
            "license": [
                "MIT"
            ],
            "authors": [
                {
                    "name": "Thibault Duplessis",
                    "email": "thibault.duplessis@gmail.com",
                    "homepage": "http://ornicar.github.com"
                },
                {
                    "name": "KnpLabs Team",
                    "homepage": "http://knplabs.com"
                }
            ],
            "description": "GitHub API v3 client",
            "homepage": "https://github.com/KnpLabs/php-github-api",
            "keywords": [
                "api",
                "gh",
                "gist",
                "github"
            ],
            "time": "2014-01-15 01:35:49"
        },
        {
            "name": "michelf/php-markdown",
            "version": "dev-lib",
            "source": {
                "type": "git",
                "url": "https://github.com/michelf/php-markdown.git",
                "reference": "6f952ee180e9bd345f3dd6005aa11e0f5dcbd1b8"
            },
            "dist": {
                "type": "zip",
                "url": "https://api.github.com/repos/michelf/php-markdown/zipball/6f952ee180e9bd345f3dd6005aa11e0f5dcbd1b8",
                "reference": "6f952ee180e9bd345f3dd6005aa11e0f5dcbd1b8",
                "shasum": ""
            },
            "require": {
                "php": ">=5.3.0"
            },
            "type": "library",
            "extra": {
                "branch-alias": {
                    "dev-lib": "1.4.x-dev"
                }
            },
            "autoload": {
                "psr-0": {
                    "Michelf": ""
                }
            },
            "notification-url": "https://packagist.org/downloads/",
            "license": [
                "BSD-3-Clause"
            ],
            "authors": [
                {
                    "name": "Michel Fortin",
                    "email": "michel.fortin@michelf.ca",
                    "homepage": "http://michelf.ca/",
                    "role": "Developer"
                },
                {
                    "name": "John Gruber",
                    "homepage": "http://daringfireball.net/"
                }
            ],
            "description": "PHP Markdown",
            "homepage": "http://michelf.ca/projects/php-markdown/",
            "keywords": [
                "markdown"
            ],
            "time": "2013-11-29 21:49:31"
        },
        {
            "name": "symfony/event-dispatcher",
            "version": "dev-master",
            "target-dir": "Symfony/Component/EventDispatcher",
            "source": {
                "type": "git",
                "url": "https://github.com/symfony/EventDispatcher.git",
                "reference": "a37a9430e2eafb6a66de240ac13f91b45b4c3d37"
            },
            "dist": {
                "type": "zip",
                "url": "https://api.github.com/repos/symfony/EventDispatcher/zipball/a37a9430e2eafb6a66de240ac13f91b45b4c3d37",
                "reference": "a37a9430e2eafb6a66de240ac13f91b45b4c3d37",
                "shasum": ""
            },
            "require": {
                "php": ">=5.3.3"
            },
            "require-dev": {
                "psr/log": "~1.0",
                "symfony/dependency-injection": "~2.0",
                "symfony/stopwatch": "~2.2"
            },
            "suggest": {
                "symfony/dependency-injection": "",
                "symfony/http-kernel": ""
            },
            "type": "library",
            "extra": {
                "branch-alias": {
                    "dev-master": "2.5-dev"
                }
            },
            "autoload": {
                "psr-0": {
                    "Symfony\\Component\\EventDispatcher\\": ""
                }
            },
            "notification-url": "https://packagist.org/downloads/",
            "license": [
                "MIT"
            ],
            "authors": [
                {
                    "name": "Fabien Potencier",
                    "email": "fabien@symfony.com"
                },
                {
                    "name": "Symfony Community",
                    "homepage": "http://symfony.com/contributors"
                }
            ],
            "description": "Symfony EventDispatcher Component",
            "homepage": "http://symfony.com",
            "time": "2014-01-07 13:29:57"
        },
        {
            "name": "symfony/finder",
            "version": "2.4.x-dev",
            "target-dir": "Symfony/Component/Finder",
            "source": {
                "type": "git",
                "url": "https://github.com/symfony/Finder.git",
                "reference": "b6735d1fc16da13c4c7dddfe78366a4a098cf011"
            },
            "dist": {
                "type": "zip",
                "url": "https://api.github.com/repos/symfony/Finder/zipball/b6735d1fc16da13c4c7dddfe78366a4a098cf011",
                "reference": "b6735d1fc16da13c4c7dddfe78366a4a098cf011",
                "shasum": ""
            },
            "require": {
                "php": ">=5.3.3"
            },
            "type": "library",
            "extra": {
                "branch-alias": {
                    "dev-master": "2.4-dev"
                }
            },
            "autoload": {
                "psr-0": {
                    "Symfony\\Component\\Finder\\": ""
                }
            },
            "notification-url": "https://packagist.org/downloads/",
            "license": [
                "MIT"
            ],
            "authors": [
                {
                    "name": "Fabien Potencier",
                    "email": "fabien@symfony.com"
                },
                {
                    "name": "Symfony Community",
                    "homepage": "http://symfony.com/contributors"
                }
            ],
            "description": "Symfony Finder Component",
            "homepage": "http://symfony.com",
            "time": "2014-01-07 13:28:54"
        },
        {
            "name": "vipsoft/unzip",
            "version": "dev-master",
            "source": {
                "type": "git",
                "url": "https://github.com/vipsoft/Unzip.git",
                "reference": "2c6a62cd9b7833e9825a542767954465fc03f569"
            },
            "dist": {
                "type": "zip",
                "url": "https://api.github.com/repos/vipsoft/Unzip/zipball/2c6a62cd9b7833e9825a542767954465fc03f569",
                "reference": "2c6a62cd9b7833e9825a542767954465fc03f569",
                "shasum": ""
            },
            "require": {
                "php": ">=5.3.6"
            },
            "type": "library",
            "autoload": {
                "psr-0": {
                    "VIPSoft\\Unzip": "src/"
                }
            },
            "notification-url": "https://packagist.org/downloads/",
            "license": [
                "MIT"
            ],
            "authors": [
                {
                    "name": "Anthon Pang",
                    "email": "apang@softwaredevelopment.ca",
                    "role": "developer"
                }
            ],
            "description": "Unzip library",
            "homepage": "http://github.com/vipsoft/",
            "keywords": [
                "pclzip",
                "unzip",
                "zip",
                "ziparchive"
            ],
            "time": "2013-07-17 17:02:02"
        },
        {
            "name": "xamin/handlebars.php",
            "version": "dev-master",
            "source": {
                "type": "git",
                "url": "https://github.com/XaminProject/handlebars.php.git",
                "reference": "58c33c1ba70077cad124204da2a8751bb47cf397"
            },
            "dist": {
                "type": "zip",
                "url": "https://api.github.com/repos/XaminProject/handlebars.php/zipball/58c33c1ba70077cad124204da2a8751bb47cf397",
                "reference": "58c33c1ba70077cad124204da2a8751bb47cf397",
                "shasum": ""
            },
            "require-dev": {
                "phpunit/phpunit": "3.7.*",
                "squizlabs/php_codesniffer": "1.*"
            },
            "type": "library",
            "autoload": {
                "psr-0": {
                    "Handlebars": "src/"
                }
            },
            "notification-url": "https://packagist.org/downloads/",
            "license": [
                "MIT"
            ],
            "authors": [
                {
                    "name": "fzerorubigd",
                    "email": "fzerorubigd@gmail.com"
                },
                {
                    "name": "Behrooz Shabani (everplays)",
                    "email": "everplays@gmail.com"
                }
            ],
            "description": "Handlebars processor for php",
            "homepage": "https://github.com/XaminProject/handlebars.php",
            "time": "2014-01-17 07:52:57"
        }
    ],
    "packages-dev": [

    ],
    "aliases": [

    ],
    "minimum-stability": "dev",
    "stability-flags": {
        "illuminate/filesystem": 20,
        "michelf/php-markdown": 20,
        "klein/klein": 20,
        "xamin/handlebars.php": 20,
        "vipsoft/unzip": 20
    },
    "platform": [

    ],
    "platform-dev": [

    ]
}
